
Microsoft Visual Studio Solution File, Format Version 12.00
Project("{FAE04EC0-301F-11D3-BF4B-00C04F79EFBC}") = "ArchiveData", "src\ArchiveData\ArchiveData.csproj", "{8BC8FC78-9BA8-4C14-8398-8C6CA6516EB0}"
EndProject
Project("{FAE04EC0-301F-11D3-BF4B-00C04F79EFBC}") = "Core", "src\Core\Core.csproj", "{ACC67F0A-D64F-4EB1-9D2F-66F9A94E2E47}"
EndProject
Project("{FAE04EC0-301F-11D3-BF4B-00C04F79EFBC}") = "Iterator", "src\Iterator\Iterator.csproj", "{F24902B4-E4E4-4746-8C8A-794674AE7E21}"
EndProject
Project("{FAE04EC0-301F-11D3-BF4B-00C04F79EFBC}") = "ConfigureCount", "src\ConfigureCount\ConfigureCount.csproj", "{8013F4BA-F056-408D-928F-71E9E9997992}"
EndProject
Global
	GlobalSection(SolutionConfigurationPlatforms) = preSolution
		Debug|Any CPU = Debug|Any CPU
		Release|Any CPU = Release|Any CPU
	EndGlobalSection
	GlobalSection(ProjectConfigurationPlatforms) = postSolution
		{8BC8FC78-9BA8-4C14-8398-8C6CA6516EB0}.Debug|Any CPU.ActiveCfg = Debug|Any CPU
		{8BC8FC78-9BA8-4C14-8398-8C6CA6516EB0}.Debug|Any CPU.Build.0 = Debug|Any CPU
		{8BC8FC78-9BA8-4C14-8398-8C6CA6516EB0}.Release|Any CPU.ActiveCfg = Release|Any CPU
		{8BC8FC78-9BA8-4C14-8398-8C6CA6516EB0}.Release|Any CPU.Build.0 = Release|Any CPU
		{ACC67F0A-D64F-4EB1-9D2F-66F9A94E2E47}.Debug|Any CPU.ActiveCfg = Debug|Any CPU
		{ACC67F0A-D64F-4EB1-9D2F-66F9A94E2E47}.Debug|Any CPU.Build.0 = Debug|Any CPU
		{ACC67F0A-D64F-4EB1-9D2F-66F9A94E2E47}.Release|Any CPU.ActiveCfg = Release|Any CPU
		{ACC67F0A-D64F-4EB1-9D2F-66F9A94E2E47}.Release|Any CPU.Build.0 = Release|Any CPU
		{F24902B4-E4E4-4746-8C8A-794674AE7E21}.Debug|Any CPU.ActiveCfg = Debug|Any CPU
		{F24902B4-E4E4-4746-8C8A-794674AE7E21}.Debug|Any CPU.Build.0 = Debug|Any CPU
		{F24902B4-E4E4-4746-8C8A-794674AE7E21}.Release|Any CPU.ActiveCfg = Release|Any CPU
		{F24902B4-E4E4-4746-8C8A-794674AE7E21}.Release|Any CPU.Build.0 = Release|Any CPU
		{8013F4BA-F056-408D-928F-71E9E9997992}.Debug|Any CPU.ActiveCfg = Debug|Any CPU
		{8013F4BA-F056-408D-928F-71E9E9997992}.Debug|Any CPU.Build.0 = Debug|Any CPU
		{8013F4BA-F056-408D-928F-71E9E9997992}.Release|Any CPU.ActiveCfg = Release|Any CPU
		{8013F4BA-F056-408D-928F-71E9E9997992}.Release|Any CPU.Build.0 = Release|Any CPU
	EndGlobalSection
EndGlobal
